
Microsoft Visual Studio Solution File, Format Version 12.00
# Visual Studio 2015
Project("{FAE04EC0-301F-11D3-BF4B-00C04F79EFBC}") = "uClient.CSharp", "uClient.CSharp.csproj", "{8910CACD-0F04-05CC-0F64-F60EB4F06538}"
EndProject
Global
	GlobalSection(SolutionConfigurationPlatforms) = preSolution
		Debug|Any CPU = Debug|Any CPU
		Release|Any CPU = Release|Any CPU
	EndGlobalSection
	GlobalSection(ProjectConfigurationPlatforms) = postSolution
		{8910CACD-0F04-05CC-0F64-F60EB4F06538}.Debug|Any CPU.ActiveCfg = Debug|Any CPU
		{8910CACD-0F04-05CC-0F64-F60EB4F06538}.Debug|Any CPU.Build.0 = Debug|Any CPU
		{8910CACD-0F04-05CC-0F64-F60EB4F06538}.Release|Any CPU.ActiveCfg = Release|Any CPU
		{8910CACD-0F04-05CC-0F64-F60EB4F06538}.Release|Any CPU.Build.0 = Release|Any CPU
	EndGlobalSection
	GlobalSection(SolutionProperties) = preSolution
		HideSolutionNode = FALSE
	EndGlobalSection
EndGlobal
